{
  "lockfile_version": "1",
  "packages": {
    "nodejs@20.17.0": {
      "last_modified": "2024-09-10T15:01:03Z",
      "plugin_version": "0.0.2",
      "resolved": "github:NixOS/nixpkgs/5ed627539ac84809c78b2dd6d26a5cebeb5ae269#nodejs_20",
      "source": "devbox-search",
      "version": "20.17.0",
      "systems": {
        "aarch64-darwin": {
          "outputs": [
            {
              "name": "out",
              "path": "/nix/store/hxl1k8qgmrm1vfq5f419iv4wybz9szqq-nodejs-20.17.0",
              "default": true
            },
            {
              "name": "libv8",
              "path": "/nix/store/baf3p9zf8dn2arp6wjkdi3v0g2xgfd6y-nodejs-20.17.0-libv8"
            }
          ],
          "store_path": "/nix/store/hxl1k8qgmrm1vfq5f419iv4wybz9szqq-nodejs-20.17.0"
        },
        "aarch64-linux": {
          "outputs": [
            {
              "name": "out",
              "path": "/nix/store/vc64zpxndmp3xh9699yb2vpbl81pxbk0-nodejs-20.17.0",
              "default": true
            },
            {
              "name": "libv8",
              "path": "/nix/store/0c57mzp5bqf0pp4a0pdj8wynphsgi92c-nodejs-20.17.0-libv8"
            }
          ],
          "store_path": "/nix/store/vc64zpxndmp3xh9699yb2vpbl81pxbk0-nodejs-20.17.0"
        },
        "x86_64-darwin": {
          "outputs": [
            {
              "name": "out",
              "path": "/nix/store/lgyrki1i0205nwh51c1h22bhl95x0nyd-nodejs-20.17.0",
              "default": true
            },
            {
              "name": "libv8",
              "path": "/nix/store/n4xvswmgb3ql2440bkl8xk4i3b11w46x-nodejs-20.17.0-libv8"
            }
          ],
          "store_path": "/nix/store/lgyrki1i0205nwh51c1h22bhl95x0nyd-nodejs-20.17.0"
        },
        "x86_64-linux": {
          "outputs": [
            {
              "name": "out",
              "path": "/nix/store/w78sh036dyn14f29w8za9ni9syrmwm3q-nodejs-20.17.0",
              "default": true
            },
            {
              "name": "libv8",
              "path": "/nix/store/bsqha32xvv1j20bwkhr2wsnclk4qsi3a-nodejs-20.17.0-libv8"
            }
          ],
          "store_path": "/nix/store/w78sh036dyn14f29w8za9ni9syrmwm3q-nodejs-20.17.0"
        }
      }
    },
    "pnpm@latest": {
      "last_modified": "2024-10-10T05:33:31Z",
      "resolved": "github:NixOS/nixpkgs/b69de56fac8c2b6f8fd27f2eca01dcda8e0a4221#pnpm",
      "source": "devbox-search",
      "version": "9.12.1",
      "systems": {
        "aarch64-darwin": {
          "outputs": [
            {
              "name": "out",
              "path": "/nix/store/sqv6jw4a7zd0wzv5rlpah4m52da6mjxr-pnpm-9.12.1",
              "default": true
            }
          ],
          "store_path": "/nix/store/sqv6jw4a7zd0wzv5rlpah4m52da6mjxr-pnpm-9.12.1"
        },
        "aarch64-linux": {
          "outputs": [
            {
              "name": "out",
              "path": "/nix/store/nv6311rlvl0q84vry5pmq0756cnj2122-pnpm-9.12.1",
              "default": true
            }
          ],
          "store_path": "/nix/store/nv6311rlvl0q84vry5pmq0756cnj2122-pnpm-9.12.1"
        },
        "x86_64-darwin": {
          "outputs": [
            {
              "name": "out",
              "path": "/nix/store/al94p91a4m92gwfm79jl7iwdwfd4a9jf-pnpm-9.12.1",
              "default": true
            }
          ],
          "store_path": "/nix/store/al94p91a4m92gwfm79jl7iwdwfd4a9jf-pnpm-9.12.1"
        },
        "x86_64-linux": {
          "outputs": [
            {
              "name": "out",
              "path": "/nix/store/v3sam4v1dyv017vcw2w4i43rxinhkddj-pnpm-9.12.1",
              "default": true
            }
          ],
          "store_path": "/nix/store/v3sam4v1dyv017vcw2w4i43rxinhkddj-pnpm-9.12.1"
        }
      }
    }
  }
}
